{
  "name": "rescript-example-es6-bindings",
  "lockfileVersion": 2,
  "requires": true,
  "packages": {
    "": {
      "dependencies": {
        "date-fns": "^2.22.1",
        "esbuild": "^0.12.5",
        "rescript": "^9.1.2"
      }
    },
    "node_modules/date-fns": {
      "version": "2.22.1",
      "resolved": "https://registry.npmjs.org/date-fns/-/date-fns-2.22.1.tgz",
      "integrity": "sha512-yUFPQjrxEmIsMqlHhAhmxkuH769baF21Kk+nZwZGyrMoyLA+LugaQtC0+Tqf9CBUUULWwUJt6Q5ySI3LJDDCGg==",
      "engines": {
        "node": ">=0.11"
      },
      "funding": {
        "type": "opencollective",
        "url": "https://opencollective.com/date-fns"
      }
    },
    "node_modules/esbuild": {
      "version": "0.12.5",
      "resolved": "https://registry.npmjs.org/esbuild/-/esbuild-0.12.5.tgz",
      "integrity": "sha512-vcuP53pA5XiwUU4FnlXM+2PnVjTfHGthM7uP1gtp+9yfheGvFFbq/KyuESThmtoHPUrfZH5JpxGVJIFDVD1Egw==",
      "hasInstallScript": true,
      "bin": {
        "esbuild": "bin/esbuild"
      }
    },
    "node_modules/rescript": {
      "version": "9.1.2",
      "resolved": "https://registry.npmjs.org/rescript/-/rescript-9.1.2.tgz",
      "integrity": "sha512-4wHvTDv3nyYnAPJHcg1RGG8z7u3HDiBf6RN3P/dITDv859Qo35aKOzJWQtfBzbAs0EKNafLqei3TnUqiAv6BwQ==",
      "hasInstallScript": true,
      "bin": {
        "bsc": "bsc",
        "bsrefmt": "bsrefmt",
        "bstracing": "lib/bstracing",
        "rescript": "rescript"
      }
    }
  },
  "dependencies": {
    "date-fns": {
      "version": "2.22.1",
      "resolved": "https://registry.npmjs.org/date-fns/-/date-fns-2.22.1.tgz",
      "integrity": "sha512-yUFPQjrxEmIsMqlHhAhmxkuH769baF21Kk+nZwZGyrMoyLA+LugaQtC0+Tqf9CBUUULWwUJt6Q5ySI3LJDDCGg=="
    },
    "esbuild": {
      "version": "0.12.5",
      "resolved": "https://registry.npmjs.org/esbuild/-/esbuild-0.12.5.tgz",
      "integrity": "sha512-vcuP53pA5XiwUU4FnlXM+2PnVjTfHGthM7uP1gtp+9yfheGvFFbq/KyuESThmtoHPUrfZH5JpxGVJIFDVD1Egw=="
    },
    "rescript": {
      "version": "9.1.2",
      "resolved": "https://registry.npmjs.org/rescript/-/rescript-9.1.2.tgz",
      "integrity": "sha512-4wHvTDv3nyYnAPJHcg1RGG8z7u3HDiBf6RN3P/dITDv859Qo35aKOzJWQtfBzbAs0EKNafLqei3TnUqiAv6BwQ=="
    }
  }
}
